
Microsoft Visual Studio Solution File, Format Version 12.00
# Visual Studio Version 16
VisualStudioVersion = 16.0.29411.108
MinimumVisualStudioVersion = 10.0.40219.1
Project("{9A19103F-16F7-4668-BE54-9A1E7A4F7556}") = "LoR", "LoR\LoR.csproj", "{490511B7-B015-44A0-B73A-64E889C1D539}"
EndProject
Project("{FAE04EC0-301F-11D3-BF4B-00C04F79EFBC}") = "LoRAPI", "LoRAPI\LoRAPI.csproj", "{B8BA5DF8-607E-4BF4-A954-FFD259E25892}"
EndProject
Global
	GlobalSection(SolutionConfigurationPlatforms) = preSolution
		Debug|Any CPU = Debug|Any CPU
		Release|Any CPU = Release|Any CPU
	EndGlobalSection
	GlobalSection(ProjectConfigurationPlatforms) = postSolution
		{490511B7-B015-44A0-B73A-64E889C1D539}.Debug|Any CPU.ActiveCfg = Debug|Any CPU
		{490511B7-B015-44A0-B73A-64E889C1D539}.Debug|Any CPU.Build.0 = Debug|Any CPU
		{490511B7-B015-44A0-B73A-64E889C1D539}.Release|Any CPU.ActiveCfg = Release|Any CPU
		{490511B7-B015-44A0-B73A-64E889C1D539}.Release|Any CPU.Build.0 = Release|Any CPU
		{B8BA5DF8-607E-4BF4-A954-FFD259E25892}.Debug|Any CPU.ActiveCfg = Debug|Any CPU
		{B8BA5DF8-607E-4BF4-A954-FFD259E25892}.Debug|Any CPU.Build.0 = Debug|Any CPU
		{B8BA5DF8-607E-4BF4-A954-FFD259E25892}.Release|Any CPU.ActiveCfg = Release|Any CPU
		{B8BA5DF8-607E-4BF4-A954-FFD259E25892}.Release|Any CPU.Build.0 = Release|Any CPU
	EndGlobalSection
	GlobalSection(SolutionProperties) = preSolution
		HideSolutionNode = FALSE
	EndGlobalSection
	GlobalSection(ExtensibilityGlobals) = postSolution
		SolutionGuid = {3A718B60-3355-41F6-B468-536914C856A9}
	EndGlobalSection
EndGlobal
